
Microsoft Visual Studio Solution File, Format Version 12.00
# Visual Studio Version 16
VisualStudioVersion = 16.0.32228.343
MinimumVisualStudioVersion = 10.0.40219.1
Project("{FAE04EC0-301F-11D3-BF4B-00C04F79EFBC}") = "OnlineTicariOtomasyon", "OnlineTicariOtomasyon.csproj", "{A70F66B3-0999-475B-9ABD-1D62788F5FB4}"
EndProject
Global
	GlobalSection(SolutionConfigurationPlatforms) = preSolution
		Debug|Any CPU = Debug|Any CPU
		Release|Any CPU = Release|Any CPU
	EndGlobalSection
	GlobalSection(ProjectConfigurationPlatforms) = postSolution
		{A70F66B3-0999-475B-9ABD-1D62788F5FB4}.Debug|Any CPU.ActiveCfg = Debug|Any CPU
		{A70F66B3-0999-475B-9ABD-1D62788F5FB4}.Debug|Any CPU.Build.0 = Debug|Any CPU
		{A70F66B3-0999-475B-9ABD-1D62788F5FB4}.Release|Any CPU.ActiveCfg = Release|Any CPU
		{A70F66B3-0999-475B-9ABD-1D62788F5FB4}.Release|Any CPU.Build.0 = Release|Any CPU
	EndGlobalSection
	GlobalSection(SolutionProperties) = preSolution
		HideSolutionNode = FALSE
	EndGlobalSection
	GlobalSection(ExtensibilityGlobals) = postSolution
		SolutionGuid = {3B4C4D84-4C41-458B-8F62-F0024D79D781}
	EndGlobalSection
EndGlobal
